
Microsoft Visual Studio Solution File, Format Version 12.00
# Visual Studio Version 17
VisualStudioVersion = 17.0.32014.148
MinimumVisualStudioVersion = 10.0.40219.1
Project("{2150E333-8FDC-42A3-9474-1A3956D46DE8}") = "Services", "Services", "{4111AE23-D26B-4B31-B5B2-F51B0E41A0A7}"
EndProject
Project("{2150E333-8FDC-42A3-9474-1A3956D46DE8}") = "Catalog", "Catalog", "{BE01038B-FC0F-41E0-81DC-0B0CE66A7228}"
EndProject
Project("{FAE04EC0-301F-11D3-BF4B-00C04F79EFBC}") = "Catalog.API", "Services\Catalog\Catalog.API\Catalog.API.csproj", "{56209CD6-66DA-4F09-9BFE-985D6F6BC1CE}"
EndProject
Project("{E53339B2-1760-4266-BCC7-CA923CBCF16C}") = "docker-compose", "docker-compose.dcproj", "{A30B7800-8409-443A-AFC5-094D10FE3249}"
EndProject
Project("{2150E333-8FDC-42A3-9474-1A3956D46DE8}") = "Basket", "Basket", "{E318648F-D9DB-425B-89D6-0A06946E8B36}"
EndProject
Project("{FAE04EC0-301F-11D3-BF4B-00C04F79EFBC}") = "Basket.API", "Services\Basket\Basket.API\Basket.API.csproj", "{13360561-8140-4291-9C31-A95AB6DBDABA}"
EndProject
Global
	GlobalSection(SolutionConfigurationPlatforms) = preSolution
		Debug|Any CPU = Debug|Any CPU
		Release|Any CPU = Release|Any CPU
	EndGlobalSection
	GlobalSection(ProjectConfigurationPlatforms) = postSolution
		{56209CD6-66DA-4F09-9BFE-985D6F6BC1CE}.Debug|Any CPU.ActiveCfg = Debug|Any CPU
		{56209CD6-66DA-4F09-9BFE-985D6F6BC1CE}.Debug|Any CPU.Build.0 = Debug|Any CPU
		{56209CD6-66DA-4F09-9BFE-985D6F6BC1CE}.Release|Any CPU.ActiveCfg = Release|Any CPU
		{56209CD6-66DA-4F09-9BFE-985D6F6BC1CE}.Release|Any CPU.Build.0 = Release|Any CPU
		{A30B7800-8409-443A-AFC5-094D10FE3249}.Debug|Any CPU.ActiveCfg = Debug|Any CPU
		{A30B7800-8409-443A-AFC5-094D10FE3249}.Debug|Any CPU.Build.0 = Debug|Any CPU
		{A30B7800-8409-443A-AFC5-094D10FE3249}.Release|Any CPU.ActiveCfg = Release|Any CPU
		{A30B7800-8409-443A-AFC5-094D10FE3249}.Release|Any CPU.Build.0 = Release|Any CPU
		{13360561-8140-4291-9C31-A95AB6DBDABA}.Debug|Any CPU.ActiveCfg = Debug|Any CPU
		{13360561-8140-4291-9C31-A95AB6DBDABA}.Debug|Any CPU.Build.0 = Debug|Any CPU
		{13360561-8140-4291-9C31-A95AB6DBDABA}.Release|Any CPU.ActiveCfg = Release|Any CPU
		{13360561-8140-4291-9C31-A95AB6DBDABA}.Release|Any CPU.Build.0 = Release|Any CPU
	EndGlobalSection
	GlobalSection(SolutionProperties) = preSolution
		HideSolutionNode = FALSE
	EndGlobalSection
	GlobalSection(NestedProjects) = preSolution
		{BE01038B-FC0F-41E0-81DC-0B0CE66A7228} = {4111AE23-D26B-4B31-B5B2-F51B0E41A0A7}
		{56209CD6-66DA-4F09-9BFE-985D6F6BC1CE} = {BE01038B-FC0F-41E0-81DC-0B0CE66A7228}
		{E318648F-D9DB-425B-89D6-0A06946E8B36} = {4111AE23-D26B-4B31-B5B2-F51B0E41A0A7}
		{13360561-8140-4291-9C31-A95AB6DBDABA} = {E318648F-D9DB-425B-89D6-0A06946E8B36}
	EndGlobalSection
	GlobalSection(ExtensibilityGlobals) = postSolution
		SolutionGuid = {9D46C06A-32ED-4531-A4E3-D59DBE0772CE}
	EndGlobalSection
EndGlobal
